
Microsoft Visual Studio Solution File, Format Version 12.00
# Visual Studio Version 16
VisualStudioVersion = 16.0.31019.35
MinimumVisualStudioVersion = 10.0.40219.1
Project("{FAE04EC0-301F-11D3-BF4B-00C04F79EFBC}") = "PythagasTree", "PythagasTree\PythagasTree.csproj", "{5871D883-C149-4304-8011-ECEAE2725401}"
EndProject
Global
	GlobalSection(SolutionConfigurationPlatforms) = preSolution
		Debug|Any CPU = Debug|Any CPU
		Release|Any CPU = Release|Any CPU
	EndGlobalSection
	GlobalSection(ProjectConfigurationPlatforms) = postSolution
		{5871D883-C149-4304-8011-ECEAE2725401}.Debug|Any CPU.ActiveCfg = Debug|Any CPU
		{5871D883-C149-4304-8011-ECEAE2725401}.Debug|Any CPU.Build.0 = Debug|Any CPU
		{5871D883-C149-4304-8011-ECEAE2725401}.Release|Any CPU.ActiveCfg = Release|Any CPU
		{5871D883-C149-4304-8011-ECEAE2725401}.Release|Any CPU.Build.0 = Release|Any CPU
	EndGlobalSection
	GlobalSection(SolutionProperties) = preSolution
		HideSolutionNode = FALSE
	EndGlobalSection
	GlobalSection(ExtensibilityGlobals) = postSolution
		SolutionGuid = {57A5978F-570E-4296-9DDA-42788E922A3C}
	EndGlobalSection
EndGlobal
