
Microsoft Visual Studio Solution File, Format Version 12.00
# Visual Studio Version 16
VisualStudioVersion = 16.0.29609.76
MinimumVisualStudioVersion = 10.0.40219.1
Project("{FAE04EC0-301F-11D3-BF4B-00C04F79EFBC}") = "WinAppTrigonometricFunctions", "WinAppTrigonometricFunctions\WinAppTrigonometricFunctions.csproj", "{62316C32-AA29-491E-959A-FDDD2A57C2E8}"
EndProject
Global
	GlobalSection(SolutionConfigurationPlatforms) = preSolution
		Debug|Any CPU = Debug|Any CPU
		Release|Any CPU = Release|Any CPU
	EndGlobalSection
	GlobalSection(ProjectConfigurationPlatforms) = postSolution
		{62316C32-AA29-491E-959A-FDDD2A57C2E8}.Debug|Any CPU.ActiveCfg = Debug|Any CPU
		{62316C32-AA29-491E-959A-FDDD2A57C2E8}.Debug|Any CPU.Build.0 = Debug|Any CPU
		{62316C32-AA29-491E-959A-FDDD2A57C2E8}.Release|Any CPU.ActiveCfg = Release|Any CPU
		{62316C32-AA29-491E-959A-FDDD2A57C2E8}.Release|Any CPU.Build.0 = Release|Any CPU
	EndGlobalSection
	GlobalSection(SolutionProperties) = preSolution
		HideSolutionNode = FALSE
	EndGlobalSection
	GlobalSection(ExtensibilityGlobals) = postSolution
		SolutionGuid = {24659EA7-491D-44D0-8856-2FCF99F3EEEE}
	EndGlobalSection
EndGlobal
