
Microsoft Visual Studio Solution File, Format Version 12.00
# Visual Studio Version 16
VisualStudioVersion = 16.0.29709.97
MinimumVisualStudioVersion = 10.0.40219.1
Project("{FAE04EC0-301F-11D3-BF4B-00C04F79EFBC}") = "WinAppVectors2D", "WinAppVectors2D\WinAppVectors2D.csproj", "{9BF44822-E8C4-4DF8-B1D3-6F173A846BA6}"
EndProject
Global
	GlobalSection(SolutionConfigurationPlatforms) = preSolution
		Debug|Any CPU = Debug|Any CPU
		Release|Any CPU = Release|Any CPU
	EndGlobalSection
	GlobalSection(ProjectConfigurationPlatforms) = postSolution
		{9BF44822-E8C4-4DF8-B1D3-6F173A846BA6}.Debug|Any CPU.ActiveCfg = Debug|Any CPU
		{9BF44822-E8C4-4DF8-B1D3-6F173A846BA6}.Debug|Any CPU.Build.0 = Debug|Any CPU
		{9BF44822-E8C4-4DF8-B1D3-6F173A846BA6}.Release|Any CPU.ActiveCfg = Release|Any CPU
		{9BF44822-E8C4-4DF8-B1D3-6F173A846BA6}.Release|Any CPU.Build.0 = Release|Any CPU
	EndGlobalSection
	GlobalSection(SolutionProperties) = preSolution
		HideSolutionNode = FALSE
	EndGlobalSection
	GlobalSection(ExtensibilityGlobals) = postSolution
		SolutionGuid = {F02BBE4A-ACDE-4777-BAB1-D6EF5D503D78}
	EndGlobalSection
EndGlobal
